
Microsoft Visual Studio Solution File, Format Version 12.00
# Visual Studio Version 16
VisualStudioVersion = 16.0.28803.156
MinimumVisualStudioVersion = 10.0.40219.1
Project("{8BC9CEB8-8B4A-11D0-8D11-00A0C91BC942}") = "ArkLightCppVsSolution", "ArkLightCppVsSolution.vcxproj", "{409EBDC7-64B4-42CC-9288-733EDD823712}"
EndProject
Global
	GlobalSection(SolutionConfigurationPlatforms) = preSolution
		Debug|x64 = Debug|x64
		Debug|x86 = Debug|x86
		Release|x64 = Release|x64
		Release|x86 = Release|x86
	EndGlobalSection
	GlobalSection(ProjectConfigurationPlatforms) = postSolution
		{409EBDC7-64B4-42CC-9288-733EDD823712}.Debug|x64.ActiveCfg = Debug|x64
		{409EBDC7-64B4-42CC-9288-733EDD823712}.Debug|x64.Build.0 = Debug|x64
		{409EBDC7-64B4-42CC-9288-733EDD823712}.Debug|x86.ActiveCfg = Debug|Win32
		{409EBDC7-64B4-42CC-9288-733EDD823712}.Debug|x86.Build.0 = Debug|Win32
		{409EBDC7-64B4-42CC-9288-733EDD823712}.Release|x64.ActiveCfg = Release|x64
		{409EBDC7-64B4-42CC-9288-733EDD823712}.Release|x64.Build.0 = Release|x64
		{409EBDC7-64B4-42CC-9288-733EDD823712}.Release|x86.ActiveCfg = Release|Win32
		{409EBDC7-64B4-42CC-9288-733EDD823712}.Release|x86.Build.0 = Release|Win32
	EndGlobalSection
	GlobalSection(SolutionProperties) = preSolution
		HideSolutionNode = FALSE
	EndGlobalSection
	GlobalSection(ExtensibilityGlobals) = postSolution
		SolutionGuid = {F7B02D83-DD1D-431A-8FAA-117BEC87404E}
	EndGlobalSection
EndGlobal
